# This file is automatically @generated by Poetry 1.8.2 and should not be changed by hand.

[[package]]
name = "datamart-core"
version = "1.1.5"
description = "GoldenSource datamart core package"
optional = false
python-versions = "*"
files = []
develop = true

[package.source]
type = "directory"
url = "../../core"

[metadata]
lock-version = "2.0"
python-versions = "^3.8"
content-hash = "c4b00200945e5c9e1c3ff4c0b8bc907a49c6c88cdd8221300498d3f87cc60485"
